
Microsoft Visual Studio Solution File, Format Version 12.00
# Visual Studio Version 18
VisualStudioVersion = 18.0.11217.181 d18.0
MinimumVisualStudioVersion = 10.0.40219.1
Project("{FAE04EC0-301F-11D3-BF4B-00C04F79EFBC}") = "LmsTemplate.Web", "LmsTemplate.Web\LmsTemplate.Web.csproj", "{F06CF1C7-10DE-48EF-B8C7-EB5493B9D28E}"
EndProject
Project("{FAE04EC0-301F-11D3-BF4B-00C04F79EFBC}") = "LmsTemplate.Domain", "LmsTemplate.Domain\LmsTemplate.Domain.csproj", "{4E6F8F0D-F5D3-4FB2-8591-D1C8B99892FC}"
EndProject
Project("{FAE04EC0-301F-11D3-BF4B-00C04F79EFBC}") = "LmsTemplate.Application", "LmsTemplate.Application\LmsTemplate.Application.csproj", "{591C49AB-7477-4005-9F47-55B493921EA6}"
EndProject
Project("{FAE04EC0-301F-11D3-BF4B-00C04F79EFBC}") = "LmsTemplate.Infrastructure", "LmsTemplate.Infrastructure\LmsTemplate.Infrastructure.csproj", "{0E72378F-814C-4C7E-B10E-D4E6A1101B9B}"
EndProject
Project("{FAE04EC0-301F-11D3-BF4B-00C04F79EFBC}") = "LmsTemplate.Tests.Unit", "LmsTemplate.Tests.Unit\LmsTemplate.Tests.Unit.csproj", "{906B8763-8EDE-4122-B936-7E584934F53A}"
EndProject
Global
	GlobalSection(SolutionConfigurationPlatforms) = preSolution
		Debug|Any CPU = Debug|Any CPU
		Release|Any CPU = Release|Any CPU
	EndGlobalSection
	GlobalSection(ProjectConfigurationPlatforms) = postSolution
		{F06CF1C7-10DE-48EF-B8C7-EB5493B9D28E}.Debug|Any CPU.ActiveCfg = Debug|Any CPU
		{F06CF1C7-10DE-48EF-B8C7-EB5493B9D28E}.Debug|Any CPU.Build.0 = Debug|Any CPU
		{F06CF1C7-10DE-48EF-B8C7-EB5493B9D28E}.Release|Any CPU.ActiveCfg = Release|Any CPU
		{F06CF1C7-10DE-48EF-B8C7-EB5493B9D28E}.Release|Any CPU.Build.0 = Release|Any CPU
		{4E6F8F0D-F5D3-4FB2-8591-D1C8B99892FC}.Debug|Any CPU.ActiveCfg = Debug|Any CPU
		{4E6F8F0D-F5D3-4FB2-8591-D1C8B99892FC}.Debug|Any CPU.Build.0 = Debug|Any CPU
		{4E6F8F0D-F5D3-4FB2-8591-D1C8B99892FC}.Release|Any CPU.ActiveCfg = Release|Any CPU
		{4E6F8F0D-F5D3-4FB2-8591-D1C8B99892FC}.Release|Any CPU.Build.0 = Release|Any CPU
		{591C49AB-7477-4005-9F47-55B493921EA6}.Debug|Any CPU.ActiveCfg = Debug|Any CPU
		{591C49AB-7477-4005-9F47-55B493921EA6}.Debug|Any CPU.Build.0 = Debug|Any CPU
		{591C49AB-7477-4005-9F47-55B493921EA6}.Release|Any CPU.ActiveCfg = Release|Any CPU
		{591C49AB-7477-4005-9F47-55B493921EA6}.Release|Any CPU.Build.0 = Release|Any CPU
		{0E72378F-814C-4C7E-B10E-D4E6A1101B9B}.Debug|Any CPU.ActiveCfg = Debug|Any CPU
		{0E72378F-814C-4C7E-B10E-D4E6A1101B9B}.Debug|Any CPU.Build.0 = Debug|Any CPU
		{0E72378F-814C-4C7E-B10E-D4E6A1101B9B}.Release|Any CPU.ActiveCfg = Release|Any CPU
		{0E72378F-814C-4C7E-B10E-D4E6A1101B9B}.Release|Any CPU.Build.0 = Release|Any CPU
		{906B8763-8EDE-4122-B936-7E584934F53A}.Debug|Any CPU.ActiveCfg = Debug|Any CPU
		{906B8763-8EDE-4122-B936-7E584934F53A}.Debug|Any CPU.Build.0 = Debug|Any CPU
		{906B8763-8EDE-4122-B936-7E584934F53A}.Release|Any CPU.ActiveCfg = Release|Any CPU
		{906B8763-8EDE-4122-B936-7E584934F53A}.Release|Any CPU.Build.0 = Release|Any CPU
	EndGlobalSection
	GlobalSection(SolutionProperties) = preSolution
		HideSolutionNode = FALSE
	EndGlobalSection
	GlobalSection(ExtensibilityGlobals) = postSolution
		SolutionGuid = {C4A0FA27-2D3F-491E-A54B-E151174F0BBD}
	EndGlobalSection
EndGlobal
